
Microsoft Visual Studio Solution File, Format Version 12.00
# Visual Studio Version 17
VisualStudioVersion = 17.4.33205.214
MinimumVisualStudioVersion = 10.0.40219.1
Project("{FAE04EC0-301F-11D3-BF4B-00C04F79EFBC}") = "RC_Car_DB", "RC_Car_DB\RC_Car_DB.csproj", "{F8A8BD63-1B11-4F8F-8F39-184FE205DE44}"
EndProject
Global
	GlobalSection(SolutionConfigurationPlatforms) = preSolution
		Debug|Any CPU = Debug|Any CPU
		Release|Any CPU = Release|Any CPU
	EndGlobalSection
	GlobalSection(ProjectConfigurationPlatforms) = postSolution
		{F8A8BD63-1B11-4F8F-8F39-184FE205DE44}.Debug|Any CPU.ActiveCfg = Debug|Any CPU
		{F8A8BD63-1B11-4F8F-8F39-184FE205DE44}.Debug|Any CPU.Build.0 = Debug|Any CPU
		{F8A8BD63-1B11-4F8F-8F39-184FE205DE44}.Release|Any CPU.ActiveCfg = Release|Any CPU
		{F8A8BD63-1B11-4F8F-8F39-184FE205DE44}.Release|Any CPU.Build.0 = Release|Any CPU
	EndGlobalSection
	GlobalSection(SolutionProperties) = preSolution
		HideSolutionNode = FALSE
	EndGlobalSection
	GlobalSection(ExtensibilityGlobals) = postSolution
		SolutionGuid = {20169175-4D7D-43A1-91C7-B7741FB0DB6B}
	EndGlobalSection
EndGlobal
